// !$*UTF8*$!
{
	archiveVersion = 1;
	classes = {
	};
	objectVersion = 56;
	objects = {

/* Begin PBXBuildFile section */
		08F8AE1529141286009D5D79 /* AppDelegate.swift in Sources */ = {isa = PBXBuildFile; fileRef = 08F8AE1429141286009D5D79 /* AppDelegate.swift */; };
		08F8AE1729141286009D5D79 /* SceneDelegate.swift in Sources */ = {isa = PBXBuildFile; fileRef = 08F8AE1629141286009D5D79 /* SceneDelegate.swift */; };
		08F8AE1C29141286009D5D79 /* Main.storyboard in Resources */ = {isa = PBXBuildFile; fileRef = 08F8AE1A29141286009D5D79 /* Main.storyboard */; };
		08F8AE1E29141288009D5D79 /* Assets.xcassets in Resources */ = {isa = PBXBuildFile; fileRef = 08F8AE1D29141288009D5D79 /* Assets.xcassets */; };
		08F8AE2129141288009D5D79 /* LaunchScreen.storyboard in Resources */ = {isa = PBXBuildFile; fileRef = 08F8AE1F29141288009D5D79 /* LaunchScreen.storyboard */; };
		08F8AE2929142944009D5D79 /* Repository.swift in Sources */ = {isa = PBXBuildFile; fileRef = 08F8AE2829142944009D5D79 /* Repository.swift */; };
		08F8AE2E29142A6C009D5D79 /* RepositoryTableViewCell.swift in Sources */ = {isa = PBXBuildFile; fileRef = 08F8AE2C29142A6C009D5D79 /* RepositoryTableViewCell.swift */; };
		08F8AE2F29142A6C009D5D79 /* RepositoryTableViewCell.xib in Resources */ = {isa = PBXBuildFile; fileRef = 08F8AE2D29142A6C009D5D79 /* RepositoryTableViewCell.xib */; };
		08F8AE3229145D3C009D5D79 /* APIService.swift in Sources */ = {isa = PBXBuildFile; fileRef = 08F8AE3129145D3B009D5D79 /* APIService.swift */; };
		08F8AE35291597F8009D5D79 /* Owner.swift in Sources */ = {isa = PBXBuildFile; fileRef = 08F8AE34291597F8009D5D79 /* Owner.swift */; };
		08F8AE3E2915BD51009D5D79 /* RepositoriesViewController.swift in Sources */ = {isa = PBXBuildFile; fileRef = 08F8AE3C2915BD51009D5D79 /* RepositoriesViewController.swift */; };
		08F8AE3F2915BD51009D5D79 /* RepositoriesViewController.xib in Resources */ = {isa = PBXBuildFile; fileRef = 08F8AE3D2915BD51009D5D79 /* RepositoriesViewController.xib */; };
/* End PBXBuildFile section */

/* Begin PBXFileReference section */
		08F8AE1129141286009D5D79 /* RobustaTask.app */ = {isa = PBXFileReference; explicitFileType = wrapper.application; includeInIndex = 0; path = RobustaTask.app; sourceTree = BUILT_PRODUCTS_DIR; };
		08F8AE1429141286009D5D79 /* AppDelegate.swift */ = {isa = PBXFileReference; lastKnownFileType = sourcecode.swift; path = AppDelegate.swift; sourceTree = "<group>"; };
		08F8AE1629141286009D5D79 /* SceneDelegate.swift */ = {isa = PBXFileReference; lastKnownFileType = sourcecode.swift; path = SceneDelegate.swift; sourceTree = "<group>"; };
		08F8AE1B29141286009D5D79 /* Base */ = {isa = PBXFileReference; lastKnownFileType = file.storyboard; name = Base; path = Base.lproj/Main.storyboard; sourceTree = "<group>"; };
		08F8AE1D29141288009D5D79 /* Assets.xcassets */ = {isa = PBXFileReference; lastKnownFileType = folder.assetcatalog; path = Assets.xcassets; sourceTree = "<group>"; };
		08F8AE2029141288009D5D79 /* Base */ = {isa = PBXFileReference; lastKnownFileType = file.storyboard; name = Base; path = Base.lproj/LaunchScreen.storyboard; sourceTree = "<group>"; };
		08F8AE2229141288009D5D79 /* Info.plist */ = {isa = PBXFileReference; lastKnownFileType = text.plist.xml; path = Info.plist; sourceTree = "<group>"; };
		08F8AE2829142944009D5D79 /* Repository.swift */ = {isa = PBXFileReference; lastKnownFileType = sourcecode.swift; path = Repository.swift; sourceTree = "<group>"; };
		08F8AE2C29142A6C009D5D79 /* RepositoryTableViewCell.swift */ = {isa = PBXFileReference; lastKnownFileType = sourcecode.swift; path = RepositoryTableViewCell.swift; sourceTree = "<group>"; };
		08F8AE2D29142A6C009D5D79 /* RepositoryTableViewCell.xib */ = {isa = PBXFileReference; lastKnownFileType = file.xib; path = RepositoryTableViewCell.xib; sourceTree = "<group>"; };
		08F8AE3129145D3B009D5D79 /* APIService.swift */ = {isa = PBXFileReference; lastKnownFileType = sourcecode.swift; path = APIService.swift; sourceTree = "<group>"; };
		08F8AE34291597F8009D5D79 /* Owner.swift */ = {isa = PBXFileReference; lastKnownFileType = sourcecode.swift; path = Owner.swift; sourceTree = "<group>"; };
		08F8AE3C2915BD51009D5D79 /* RepositoriesViewController.swift */ = {isa = PBXFileReference; lastKnownFileType = sourcecode.swift; path = RepositoriesViewController.swift; sourceTree = "<group>"; };
		08F8AE3D2915BD51009D5D79 /* RepositoriesViewController.xib */ = {isa = PBXFileReference; lastKnownFileType = file.xib; path = RepositoriesViewController.xib; sourceTree = "<group>"; };
/* End PBXFileReference section */

/* Begin PBXFrameworksBuildPhase section */
		08F8AE0E29141286009D5D79 /* Frameworks */ = {
			isa = PBXFrameworksBuildPhase;
			buildActionMask = 2147483647;
			files = (
			);
			runOnlyForDeploymentPostprocessing = 0;
		};
/* End PBXFrameworksBuildPhase section */

/* Begin PBXGroup section */
		08F8AE0829141286009D5D79 = {
			isa = PBXGroup;
			children = (
				08F8AE1329141286009D5D79 /* RobustaTask */,
				08F8AE1229141286009D5D79 /* Products */,
			);
			sourceTree = "<group>";
		};
		08F8AE1229141286009D5D79 /* Products */ = {
			isa = PBXGroup;
			children = (
				08F8AE1129141286009D5D79 /* RobustaTask.app */,
			);
			name = Products;
			sourceTree = "<group>";
		};
		08F8AE1329141286009D5D79 /* RobustaTask */ = {
			isa = PBXGroup;
			children = (
				08F8AE1429141286009D5D79 /* AppDelegate.swift */,
				08F8AE1629141286009D5D79 /* SceneDelegate.swift */,
				08F8AE33291597E0009D5D79 /* Model */,
				08F8AE2A29142A32009D5D79 /* Views */,
				08F8AE3A2915B89E009D5D79 /* Controllers */,
				08F8AE3029145D22009D5D79 /* Services */,
				08F8AE392915B866009D5D79 /* Storyboards */,
				08F8AE1D29141288009D5D79 /* Assets.xcassets */,
				08F8AE2229141288009D5D79 /* Info.plist */,
			);
			path = RobustaTask;
			sourceTree = "<group>";
		};
		08F8AE2A29142A32009D5D79 /* Views */ = {
			isa = PBXGroup;
			children = (
				08F8AE2B29142A3D009D5D79 /* RepositoryTableViewCell */,
			);
			path = Views;
			sourceTree = "<group>";
		};
		08F8AE2B29142A3D009D5D79 /* RepositoryTableViewCell */ = {
			isa = PBXGroup;
			children = (
				08F8AE2C29142A6C009D5D79 /* RepositoryTableViewCell.swift */,
				08F8AE2D29142A6C009D5D79 /* RepositoryTableViewCell.xib */,
			);
			path = RepositoryTableViewCell;
			sourceTree = "<group>";
		};
		08F8AE3029145D22009D5D79 /* Services */ = {
			isa = PBXGroup;
			children = (
				08F8AE3129145D3B009D5D79 /* APIService.swift */,
			);
			path = Services;
			sourceTree = "<group>";
		};
		08F8AE33291597E0009D5D79 /* Model */ = {
			isa = PBXGroup;
			children = (
				08F8AE2829142944009D5D79 /* Repository.swift */,
				08F8AE34291597F8009D5D79 /* Owner.swift */,
			);
			path = Model;
			sourceTree = "<group>";
		};
		08F8AE392915B866009D5D79 /* Storyboards */ = {
			isa = PBXGroup;
			children = (
				08F8AE1A29141286009D5D79 /* Main.storyboard */,
				08F8AE1F29141288009D5D79 /* LaunchScreen.storyboard */,
			);
			path = Storyboards;
			sourceTree = "<group>";
		};
		08F8AE3A2915B89E009D5D79 /* Controllers */ = {
			isa = PBXGroup;
			children = (
				08F8AE3B2915BD34009D5D79 /* RepositoriesViewController */,
			);
			path = Controllers;
			sourceTree = "<group>";
		};
		08F8AE3B2915BD34009D5D79 /* RepositoriesViewController */ = {
			isa = PBXGroup;
			children = (
				08F8AE3C2915BD51009D5D79 /* RepositoriesViewController.swift */,
				08F8AE3D2915BD51009D5D79 /* RepositoriesViewController.xib */,
			);
			path = RepositoriesViewController;
			sourceTree = "<group>";
		};
/* End PBXGroup section */

/* Begin PBXNativeTarget section */
		08F8AE1029141286009D5D79 /* RobustaTask */ = {
			isa = PBXNativeTarget;
			buildConfigurationList = 08F8AE2529141288009D5D79 /* Build configuration list for PBXNativeTarget "RobustaTask" */;
			buildPhases = (
				08F8AE0D29141286009D5D79 /* Sources */,
				08F8AE0E29141286009D5D79 /* Frameworks */,
				08F8AE0F29141286009D5D79 /* Resources */,
			);
			buildRules = (
			);
			dependencies = (
			);
			name = RobustaTask;
			productName = RobustaTask;
			productReference = 08F8AE1129141286009D5D79 /* RobustaTask.app */;
			productType = "com.apple.product-type.application";
		};
/* End PBXNativeTarget section */

/* Begin PBXProject section */
		08F8AE0929141286009D5D79 /* Project object */ = {
			isa = PBXProject;
			attributes = {
				BuildIndependentTargetsInParallel = 1;
				LastSwiftUpdateCheck = 1400;
				LastUpgradeCheck = 1400;
				TargetAttributes = {
					08F8AE1029141286009D5D79 = {
						CreatedOnToolsVersion = 14.0.1;
					};
				};
			};
			buildConfigurationList = 08F8AE0C29141286009D5D79 /* Build configuration list for PBXProject "RobustaTask" */;
			compatibilityVersion = "Xcode 14.0";
			developmentRegion = en;
			hasScannedForEncodings = 0;
			knownRegions = (
				en,
				Base,
			);
			mainGroup = 08F8AE0829141286009D5D79;
			productRefGroup = 08F8AE1229141286009D5D79 /* Products */;
			projectDirPath = "";
			projectRoot = "";
			targets = (
				08F8AE1029141286009D5D79 /* RobustaTask */,
			);
		};
/* End PBXProject section */

/* Begin PBXResourcesBuildPhase section */
		08F8AE0F29141286009D5D79 /* Resources */ = {
			isa = PBXResourcesBuildPhase;
			buildActionMask = 2147483647;
			files = (
				08F8AE2129141288009D5D79 /* LaunchScreen.storyboard in Resources */,
				08F8AE1E29141288009D5D79 /* Assets.xcassets in Resources */,
				08F8AE3F2915BD51009D5D79 /* RepositoriesViewController.xib in Resources */,
				08F8AE1C29141286009D5D79 /* Main.storyboard in Resources */,
				08F8AE2F29142A6C009D5D79 /* RepositoryTableViewCell.xib in Resources */,
			);
			runOnlyForDeploymentPostprocessing = 0;
		};
/* End PBXResourcesBuildPhase section */

/* Begin PBXSourcesBuildPhase section */
		08F8AE0D29141286009D5D79 /* Sources */ = {
			isa = PBXSourcesBuildPhase;
			buildActionMask = 2147483647;
			files = (
				08F8AE1529141286009D5D79 /* AppDelegate.swift in Sources */,
				08F8AE35291597F8009D5D79 /* Owner.swift in Sources */,
				08F8AE3E2915BD51009D5D79 /* RepositoriesViewController.swift in Sources */,
				08F8AE3229145D3C009D5D79 /* APIService.swift in Sources */,
				08F8AE1729141286009D5D79 /* SceneDelegate.swift in Sources */,
				08F8AE2E29142A6C009D5D79 /* RepositoryTableViewCell.swift in Sources */,
				08F8AE2929142944009D5D79 /* Repository.swift in Sources */,
			);
			runOnlyForDeploymentPostprocessing = 0;
		};
/* End PBXSourcesBuildPhase section */

/* Begin PBXVariantGroup section */
		08F8AE1A29141286009D5D79 /* Main.storyboard */ = {
			isa = PBXVariantGroup;
			children = (
				08F8AE1B29141286009D5D79 /* Base */,
			);
			name = Main.storyboard;
			sourceTree = "<group>";
		};
		08F8AE1F29141288009D5D79 /* LaunchScreen.storyboard */ = {
			isa = PBXVariantGroup;
			children = (
				08F8AE2029141288009D5D79 /* Base */,
			);
			name = LaunchScreen.storyboard;
			sourceTree = "<group>";
		};
/* End PBXVariantGroup section */

/* Begin XCBuildConfiguration section */
		08F8AE2329141288009D5D79 /* Debug */ = {
			isa = XCBuildConfiguration;
			buildSettings = {
				ALWAYS_SEARCH_USER_PATHS = NO;
				CLANG_ANALYZER_NONNULL = YES;
				CLANG_ANALYZER_NUMBER_OBJECT_CONVERSION = YES_AGGRESSIVE;
				CLANG_CXX_LANGUAGE_STANDARD = "gnu++20";
				CLANG_ENABLE_MODULES = YES;
				CLANG_ENABLE_OBJC_ARC = YES;
				CLANG_ENABLE_OBJC_WEAK = YES;
				CLANG_WARN_BLOCK_CAPTURE_AUTORELEASING = YES;
				CLANG_WARN_BOOL_CONVERSION = YES;
				CLANG_WARN_COMMA = YES;
				CLANG_WARN_CONSTANT_CONVERSION = YES;
				CLANG_WARN_DEPRECATED_OBJC_IMPLEMENTATIONS = YES;
				CLANG_WARN_DIRECT_OBJC_ISA_USAGE = YES_ERROR;
				CLANG_WARN_DOCUMENTATION_COMMENTS = YES;
				CLANG_WARN_EMPTY_BODY = YES;
				CLANG_WARN_ENUM_CONVERSION = YES;
				CLANG_WARN_INFINITE_RECURSION = YES;
				CLANG_WARN_INT_CONVERSION = YES;
				CLANG_WARN_NON_LITERAL_NULL_CONVERSION = YES;
				CLANG_WARN_OBJC_IMPLICIT_RETAIN_SELF = YES;
				CLANG_WARN_OBJC_LITERAL_CONVERSION = YES;
				CLANG_WARN_OBJC_ROOT_CLASS = YES_ERROR;
				CLANG_WARN_QUOTED_INCLUDE_IN_FRAMEWORK_HEADER = YES;
				CLANG_WARN_RANGE_LOOP_ANALYSIS = YES;
				CLANG_WARN_STRICT_PROTOTYPES = YES;
				CLANG_WARN_SUSPICIOUS_MOVE = YES;
				CLANG_WARN_UNGUARDED_AVAILABILITY = YES_AGGRESSIVE;
				CLANG_WARN_UNREACHABLE_CODE = YES;
				CLANG_WARN__DUPLICATE_METHOD_MATCH = YES;
				COPY_PHASE_STRIP = NO;
				DEBUG_INFORMATION_FORMAT = dwarf;
				ENABLE_STRICT_OBJC_MSGSEND = YES;
				ENABLE_TESTABILITY = YES;
				GCC_C_LANGUAGE_STANDARD = gnu11;
				GCC_DYNAMIC_NO_PIC = NO;
				GCC_NO_COMMON_BLOCKS = YES;
				GCC_OPTIMIZATION_LEVEL = 0;
				GCC_PREPROCESSOR_DEFINITIONS = (
					"DEBUG=1",
					"$(inherited)",
				);
				GCC_WARN_64_TO_32_BIT_CONVERSION = YES;
				GCC_WARN_ABOUT_RETURN_TYPE = YES_ERROR;
				GCC_WARN_UNDECLARED_SELECTOR = YES;
				GCC_WARN_UNINITIALIZED_AUTOS = YES_AGGRESSIVE;
				GCC_WARN_UNUSED_FUNCTION = YES;
				GCC_WARN_UNUSED_VARIABLE = YES;
				IPHONEOS_DEPLOYMENT_TARGET = 16.0;
				MTL_ENABLE_DEBUG_INFO = INCLUDE_SOURCE;
				MTL_FAST_MATH = YES;
				ONLY_ACTIVE_ARCH = YES;
				SDKROOT = iphoneos;
				SWIFT_ACTIVE_COMPILATION_CONDITIONS = DEBUG;
				SWIFT_OPTIMIZATION_LEVEL = "-Onone";
			};
			name = Debug;
		};
		08F8AE2429141288009D5D79 /* Release */ = {
			isa = XCBuildConfiguration;
			buildSettings = {
				ALWAYS_SEARCH_USER_PATHS = NO;
				CLANG_ANALYZER_NONNULL = YES;
				CLANG_ANALYZER_NUMBER_OBJECT_CONVERSION = YES_AGGRESSIVE;
				CLANG_CXX_LANGUAGE_STANDARD = "gnu++20";
				CLANG_ENABLE_MODULES = YES;
				CLANG_ENABLE_OBJC_ARC = YES;
				CLANG_ENABLE_OBJC_WEAK = YES;
				CLANG_WARN_BLOCK_CAPTURE_AUTORELEASING = YES;
				CLANG_WARN_BOOL_CONVERSION = YES;
				CLANG_WARN_COMMA = YES;
				CLANG_WARN_CONSTANT_CONVERSION = YES;
				CLANG_WARN_DEPRECATED_OBJC_IMPLEMENTATIONS = YES;
				CLANG_WARN_DIRECT_OBJC_ISA_USAGE = YES_ERROR;
				CLANG_WARN_DOCUMENTATION_COMMENTS = YES;
				CLANG_WARN_EMPTY_BODY = YES;
				CLANG_WARN_ENUM_CONVERSION = YES;
				CLANG_WARN_INFINITE_RECURSION = YES;
				CLANG_WARN_INT_CONVERSION = YES;
				CLANG_WARN_NON_LITERAL_NULL_CONVERSION = YES;
				CLANG_WARN_OBJC_IMPLICIT_RETAIN_SELF = YES;
				CLANG_WARN_OBJC_LITERAL_CONVERSION = YES;
				CLANG_WARN_OBJC_ROOT_CLASS = YES_ERROR;
				CLANG_WARN_QUOTED_INCLUDE_IN_FRAMEWORK_HEADER = YES;
				CLANG_WARN_RANGE_LOOP_ANALYSIS = YES;
				CLANG_WARN_STRICT_PROTOTYPES = YES;
				CLANG_WARN_SUSPICIOUS_MOVE = YES;
				CLANG_WARN_UNGUARDED_AVAILABILITY = YES_AGGRESSIVE;
				CLANG_WARN_UNREACHABLE_CODE = YES;
				CLANG_WARN__DUPLICATE_METHOD_MATCH = YES;
				COPY_PHASE_STRIP = NO;
				DEBUG_INFORMATION_FORMAT = "dwarf-with-dsym";
				ENABLE_NS_ASSERTIONS = NO;
				ENABLE_STRICT_OBJC_MSGSEND = YES;
				GCC_C_LANGUAGE_STANDARD = gnu11;
				GCC_NO_COMMON_BLOCKS = YES;
				GCC_WARN_64_TO_32_BIT_CONVERSION = YES;
				GCC_WARN_ABOUT_RETURN_TYPE = YES_ERROR;
				GCC_WARN_UNDECLARED_SELECTOR = YES;
				GCC_WARN_UNINITIALIZED_AUTOS = YES_AGGRESSIVE;
				GCC_WARN_UNUSED_FUNCTION = YES;
				GCC_WARN_UNUSED_VARIABLE = YES;
				IPHONEOS_DEPLOYMENT_TARGET = 16.0;
				MTL_ENABLE_DEBUG_INFO = NO;
				MTL_FAST_MATH = YES;
				SDKROOT = iphoneos;
				SWIFT_COMPILATION_MODE = wholemodule;
				SWIFT_OPTIMIZATION_LEVEL = "-O";
				VALIDATE_PRODUCT = YES;
			};
			name = Release;
		};
		08F8AE2629141288009D5D79 /* Debug */ = {
			isa = XCBuildConfiguration;
			buildSettings = {
				ASSETCATALOG_COMPILER_APPICON_NAME = AppIcon;
				ASSETCATALOG_COMPILER_GLOBAL_ACCENT_COLOR_NAME = AccentColor;
				CODE_SIGN_STYLE = Automatic;
				CURRENT_PROJECT_VERSION = 1;
				DEVELOPMENT_TEAM = 58S3B75CL7;
				GENERATE_INFOPLIST_FILE = YES;
				INFOPLIST_FILE = RobustaTask/Info.plist;
				INFOPLIST_KEY_UIApplicationSupportsIndirectInputEvents = YES;
				INFOPLIST_KEY_UILaunchStoryboardName = LaunchScreen;
				INFOPLIST_KEY_UIMainStoryboardFile = "";
				INFOPLIST_KEY_UIStatusBarStyle = "";
				INFOPLIST_KEY_UISupportedInterfaceOrientations_iPad = "UIInterfaceOrientationPortrait UIInterfaceOrientationPortraitUpsideDown UIInterfaceOrientationLandscapeLeft UIInterfaceOrientationLandscapeRight";
				INFOPLIST_KEY_UISupportedInterfaceOrientations_iPhone = "UIInterfaceOrientationPortrait UIInterfaceOrientationLandscapeLeft UIInterfaceOrientationLandscapeRight";
				LD_RUNPATH_SEARCH_PATHS = (
					"$(inherited)",
					"@executable_path/Frameworks",
				);
				MARKETING_VERSION = 1.0;
				PRODUCT_BUNDLE_IDENTIFIER = com.Robusta.RobustaTask;
				PRODUCT_NAME = "$(TARGET_NAME)";
				SUPPORTED_PLATFORMS = "iphoneos iphonesimulator";
				SUPPORTS_MACCATALYST = NO;
				SUPPORTS_MAC_DESIGNED_FOR_IPHONE_IPAD = NO;
				SWIFT_EMIT_LOC_STRINGS = YES;
				SWIFT_VERSION = 5.0;
				TARGETED_DEVICE_FAMILY = "1,2";
			};
			name = Debug;
		};
		08F8AE2729141288009D5D79 /* Release */ = {
			isa = XCBuildConfiguration;
			buildSettings = {
				ASSETCATALOG_COMPILER_APPICON_NAME = AppIcon;
				ASSETCATALOG_COMPILER_GLOBAL_ACCENT_COLOR_NAME = AccentColor;
				CODE_SIGN_STYLE = Automatic;
				CURRENT_PROJECT_VERSION = 1;
				DEVELOPMENT_TEAM = 58S3B75CL7;
				GENERATE_INFOPLIST_FILE = YES;
				INFOPLIST_FILE = RobustaTask/Info.plist;
				INFOPLIST_KEY_UIApplicationSupportsIndirectInputEvents = YES;
				INFOPLIST_KEY_UILaunchStoryboardName = LaunchScreen;
				INFOPLIST_KEY_UIMainStoryboardFile = "";
				INFOPLIST_KEY_UIStatusBarStyle = "";
				INFOPLIST_KEY_UISupportedInterfaceOrientations_iPad = "UIInterfaceOrientationPortrait UIInterfaceOrientationPortraitUpsideDown UIInterfaceOrientationLandscapeLeft UIInterfaceOrientationLandscapeRight";
				INFOPLIST_KEY_UISupportedInterfaceOrientations_iPhone = "UIInterfaceOrientationPortrait UIInterfaceOrientationLandscapeLeft UIInterfaceOrientationLandscapeRight";
				LD_RUNPATH_SEARCH_PATHS = (
					"$(inherited)",
					"@executable_path/Frameworks",
				);
				MARKETING_VERSION = 1.0;
				PRODUCT_BUNDLE_IDENTIFIER = com.Robusta.RobustaTask;
				PRODUCT_NAME = "$(TARGET_NAME)";
				SUPPORTED_PLATFORMS = "iphoneos iphonesimulator";
				SUPPORTS_MACCATALYST = NO;
				SUPPORTS_MAC_DESIGNED_FOR_IPHONE_IPAD = NO;
				SWIFT_EMIT_LOC_STRINGS = YES;
				SWIFT_VERSION = 5.0;
				TARGETED_DEVICE_FAMILY = "1,2";
			};
			name = Release;
		};
/* End XCBuildConfiguration section */

/* Begin XCConfigurationList section */
		08F8AE0C29141286009D5D79 /* Build configuration list for PBXProject "RobustaTask" */ = {
			isa = XCConfigurationList;
			buildConfigurations = (
				08F8AE2329141288009D5D79 /* Debug */,
				08F8AE2429141288009D5D79 /* Release */,
			);
			defaultConfigurationIsVisible = 0;
			defaultConfigurationName = Release;
		};
		08F8AE2529141288009D5D79 /* Build configuration list for PBXNativeTarget "RobustaTask" */ = {
			isa = XCConfigurationList;
			buildConfigurations = (
				08F8AE2629141288009D5D79 /* Debug */,
				08F8AE2729141288009D5D79 /* Release */,
			);
			defaultConfigurationIsVisible = 0;
			defaultConfigurationName = Release;
		};
/* End XCConfigurationList section */
	};
	rootObject = 08F8AE0929141286009D5D79 /* Project object */;
}
